// !$*UTF8*$!
{
	archiveVersion = 1;
	classes = {
	};
	objectVersion = 50;
	objects = {

/* Begin PBXBuildFile section */
		559B89D425B3E11700ABBB03 /* AppDelegate.swift in Sources */ = {isa = PBXBuildFile; fileRef = 559B89D325B3E11700ABBB03 /* AppDelegate.swift */; };
		559B89D625B3E11700ABBB03 /* SceneDelegate.swift in Sources */ = {isa = PBXBuildFile; fileRef = 559B89D525B3E11700ABBB03 /* SceneDelegate.swift */; };
		559B89D825B3E11700ABBB03 /* ViewController.swift in Sources */ = {isa = PBXBuildFile; fileRef = 559B89D725B3E11700ABBB03 /* ViewController.swift */; };
		559B89DB25B3E11700ABBB03 /* Main.storyboard in Resources */ = {isa = PBXBuildFile; fileRef = 559B89D925B3E11700ABBB03 /* Main.storyboard */; };
		559B89DD25B3E11700ABBB03 /* Assets.xcassets in Resources */ = {isa = PBXBuildFile; fileRef = 559B89DC25B3E11700ABBB03 /* Assets.xcassets */; };
		559B89E025B3E11700ABBB03 /* LaunchScreen.storyboard in Resources */ = {isa = PBXBuildFile; fileRef = 559B89DE25B3E11700ABBB03 /* LaunchScreen.storyboard */; };
		559B89EB25B3E11700ABBB03 /* gitin3dTests.swift in Sources */ = {isa = PBXBuildFile; fileRef = 559B89EA25B3E11700ABBB03 /* gitin3dTests.swift */; };
		559B89F625B3E11700ABBB03 /* gitin3dUITests.swift in Sources */ = {isa = PBXBuildFile; fileRef = 559B89F525B3E11700ABBB03 /* gitin3dUITests.swift */; };
		559B8A0725B3E11700ABBB03 /* Commit.swift in Sources */ = {isa = PBXBuildFile; fileRef = 559B8A0625B3E11700ABBB03 /* Commit.swift */; };
		559B8A0D25B3E11700ABBB03 /* CommitCalculator.swift in Sources */ = {isa = PBXBuildFile; fileRef = 559B8A0C25B3E11700ABBB03 /* CommitCalculator.swift */; };
		559B8A1225B3E11700ABBB03 /* DataManager.swift in Sources */ = {isa = PBXBuildFile; fileRef = 559B8A1125B3E11700ABBB03 /* DataManager.swift */; };
		559B8A1725B3E11700ABBB03 /* Project.swift in Sources */ = {isa = PBXBuildFile; fileRef = 559B8A1625B3E11700ABBB03 /* Project.swift */; };
		559B8A1C25B3E11700ABBB03 /* Tag.swift in Sources */ = {isa = PBXBuildFile; fileRef = 559B8A1B25B3E11700ABBB03 /* Tag.swift */; };
		559B8A2225B3E11700ABBB03 /* ARViewController.swift in Sources */ = {isa = PBXBuildFile; fileRef = 559B8A2125B3E11700ABBB03 /* ARViewController.swift */; };
		559B8A2A25B3E11700ABBB03 /* CommitsViewController.swift in Sources */ = {isa = PBXBuildFile; fileRef = 559B8A2925B3E11700ABBB03 /* CommitsViewController.swift */; };
		559B8A2F25B3E11700ABBB03 /* ProjectsViewControllers.swift in Sources */ = {isa = PBXBuildFile; fileRef = 559B8A2E25B3E11700ABBB03 /* ProjectsViewControllers.swift */; };
		559B8A3525B3E11700ABBB03 /* ARFunctions.swift in Sources */ = {isa = PBXBuildFile; fileRef = 559B8A3425B3E11700ABBB03 /* ARFunctions.swift */; };
		559B8A3F25B3E13800ABBB03 /* Main.storyboard in Resources */ = {isa = PBXBuildFile; fileRef = 559B8A3E25B3E13800ABBB03 /* Main.storyboard */; };
/* End PBXBuildFile section */

/* Begin PBXContainerItemProxy section */
		559B89E725B3E11700ABBB03 /* PBXContainerItemProxy */ = {
			isa = PBXContainerItemProxy;
			containerPortal = 559B89C825B3E11700ABBB03 /* Project object */;
			proxyType = 1;
			remoteGlobalIDString = 559B89CF25B3E11700ABBB03;
			remoteInfo = gitin3d;
		};
		559B89F225B3E11700ABBB03 /* PBXContainerItemProxy */ = {
			isa = PBXContainerItemProxy;
			containerPortal = 559B89C825B3E11700ABBB03 /* Project object */;
			proxyType = 1;
			remoteGlobalIDString = 559B89CF25B3E11700ABBB03;
			remoteInfo = gitin3d;
		};
/* End PBXContainerItemProxy section */

/* Begin PBXFileReference section */
		559B89D025B3E11700ABBB03 /* gitin3d.app */ = {isa = PBXFileReference; explicitFileType = wrapper.application; includeInIndex = 0; path = gitin3d.app; sourceTree = BUILT_PRODUCTS_DIR; };
		559B89D325B3E11700ABBB03 /* AppDelegate.swift */ = {isa = PBXFileReference; lastKnownFileType = sourcecode.swift; path = AppDelegate.swift; sourceTree = "<group>"; };
		559B89D525B3E11700ABBB03 /* SceneDelegate.swift */ = {isa = PBXFileReference; lastKnownFileType = sourcecode.swift; path = SceneDelegate.swift; sourceTree = "<group>"; };
		559B89D725B3E11700ABBB03 /* ViewController.swift */ = {isa = PBXFileReference; lastKnownFileType = sourcecode.swift; path = ViewController.swift; sourceTree = "<group>"; };
		559B89DA25B3E11700ABBB03 /* Base */ = {isa = PBXFileReference; lastKnownFileType = file.storyboard; name = Base; path = Base.lproj/Main.storyboard; sourceTree = "<group>"; };
		559B89DC25B3E11700ABBB03 /* Assets.xcassets */ = {isa = PBXFileReference; lastKnownFileType = folder.assetcatalog; path = Assets.xcassets; sourceTree = "<group>"; };
		559B89DF25B3E11700ABBB03 /* Base */ = {isa = PBXFileReference; lastKnownFileType = file.storyboard; name = Base; path = Base.lproj/LaunchScreen.storyboard; sourceTree = "<group>"; };
		559B89E125B3E11700ABBB03 /* Info.plist */ = {isa = PBXFileReference; lastKnownFileType = text.plist.xml; path = Info.plist; sourceTree = "<group>"; };
		559B89E625B3E11700ABBB03 /* gitin3dTests.xctest */ = {isa = PBXFileReference; explicitFileType = wrapper.cfbundle; includeInIndex = 0; path = gitin3dTests.xctest; sourceTree = BUILT_PRODUCTS_DIR; };
		559B89EA25B3E11700ABBB03 /* gitin3dTests.swift */ = {isa = PBXFileReference; lastKnownFileType = sourcecode.swift; path = gitin3dTests.swift; sourceTree = "<group>"; };
		559B89EC25B3E11700ABBB03 /* Info.plist */ = {isa = PBXFileReference; lastKnownFileType = text.plist.xml; path = Info.plist; sourceTree = "<group>"; };
		559B89F125B3E11700ABBB03 /* gitin3dUITests.xctest */ = {isa = PBXFileReference; explicitFileType = wrapper.cfbundle; includeInIndex = 0; path = gitin3dUITests.xctest; sourceTree = BUILT_PRODUCTS_DIR; };
		559B89F525B3E11700ABBB03 /* gitin3dUITests.swift */ = {isa = PBXFileReference; lastKnownFileType = sourcecode.swift; path = gitin3dUITests.swift; sourceTree = "<group>"; };
		559B89F725B3E11700ABBB03 /* Info.plist */ = {isa = PBXFileReference; lastKnownFileType = text.plist.xml; path = Info.plist; sourceTree = "<group>"; };
		559B8A0625B3E11700ABBB03 /* Commit.swift */ = {isa = PBXFileReference; lastKnownFileType = sourcecode.swift; path = Commit.swift; sourceTree = "<group>"; };
		559B8A0C25B3E11700ABBB03 /* CommitCalculator.swift */ = {isa = PBXFileReference; lastKnownFileType = sourcecode.swift; path = CommitCalculator.swift; sourceTree = "<group>"; };
		559B8A1125B3E11700ABBB03 /* DataManager.swift */ = {isa = PBXFileReference; lastKnownFileType = sourcecode.swift; path = DataManager.swift; sourceTree = "<group>"; };
		559B8A1625B3E11700ABBB03 /* Project.swift */ = {isa = PBXFileReference; lastKnownFileType = sourcecode.swift; path = Project.swift; sourceTree = "<group>"; };
		559B8A1B25B3E11700ABBB03 /* Tag.swift */ = {isa = PBXFileReference; lastKnownFileType = sourcecode.swift; path = Tag.swift; sourceTree = "<group>"; };
		559B8A2125B3E11700ABBB03 /* ARViewController.swift */ = {isa = PBXFileReference; lastKnownFileType = sourcecode.swift; path = ARViewController.swift; sourceTree = "<group>"; };
		559B8A2925B3E11700ABBB03 /* CommitsViewController.swift */ = {isa = PBXFileReference; lastKnownFileType = sourcecode.swift; path = CommitsViewController.swift; sourceTree = "<group>"; };
		559B8A2E25B3E11700ABBB03 /* ProjectsViewControllers.swift */ = {isa = PBXFileReference; lastKnownFileType = sourcecode.swift; path = ProjectsViewControllers.swift; sourceTree = "<group>"; };
		559B8A3425B3E11700ABBB03 /* ARFunctions.swift */ = {isa = PBXFileReference; lastKnownFileType = sourcecode.swift; path = ARFunctions.swift; sourceTree = "<group>"; };
		559B8A3E25B3E13800ABBB03 /* Main.storyboard */ = {isa = PBXFileReference; lastKnownFileType = file.storyboard; path = Main.storyboard; sourceTree = "<group>"; };
/* End PBXFileReference section */

/* Begin PBXFrameworksBuildPhase section */
		559B89CD25B3E11700ABBB03 /* Frameworks */ = {
			isa = PBXFrameworksBuildPhase;
			buildActionMask = 2147483647;
			files = (
			);
			runOnlyForDeploymentPostprocessing = 0;
		};
		559B89E325B3E11700ABBB03 /* Frameworks */ = {
			isa = PBXFrameworksBuildPhase;
			buildActionMask = 2147483647;
			files = (
			);
			runOnlyForDeploymentPostprocessing = 0;
		};
		559B89EE25B3E11700ABBB03 /* Frameworks */ = {
			isa = PBXFrameworksBuildPhase;
			buildActionMask = 2147483647;
			files = (
			);
			runOnlyForDeploymentPostprocessing = 0;
		};
/* End PBXFrameworksBuildPhase section */

/* Begin PBXGroup section */
		559B89C725B3E11700ABBB03 = {
			isa = PBXGroup;
			children = (
				559B89D225B3E11700ABBB03 /* gitin3d */,
				559B89E925B3E11700ABBB03 /* gitin3dTests */,
				559B89F425B3E11700ABBB03 /* gitin3dUITests */,
				559B89D125B3E11700ABBB03 /* Products */,
			);
			sourceTree = "<group>";
		};
		559B89D125B3E11700ABBB03 /* Products */ = {
			isa = PBXGroup;
			children = (
				559B89D025B3E11700ABBB03 /* gitin3d.app */,
				559B89E625B3E11700ABBB03 /* gitin3dTests.xctest */,
				559B89F125B3E11700ABBB03 /* gitin3dUITests.xctest */,
			);
			name = Products;
			sourceTree = "<group>";
		};
		559B89D225B3E11700ABBB03 /* gitin3d */ = {
			isa = PBXGroup;
			children = (
				559B8A3C25B3E12500ABBB03 /* Views */,
				559B8A2025B3E11700ABBB03 /* Controllers */,
				559B8A0B25B3E11700ABBB03 /* Models */,
				559B89D325B3E11700ABBB03 /* AppDelegate.swift */,
				559B89D525B3E11700ABBB03 /* SceneDelegate.swift */,
				559B89D725B3E11700ABBB03 /* ViewController.swift */,
				559B89D925B3E11700ABBB03 /* Main.storyboard */,
				559B89DC25B3E11700ABBB03 /* Assets.xcassets */,
				559B89DE25B3E11700ABBB03 /* LaunchScreen.storyboard */,
				559B89E125B3E11700ABBB03 /* Info.plist */,
			);
			path = gitin3d;
			sourceTree = "<group>";
		};
		559B89E925B3E11700ABBB03 /* gitin3dTests */ = {
			isa = PBXGroup;
			children = (
				559B89EA25B3E11700ABBB03 /* gitin3dTests.swift */,
				559B89EC25B3E11700ABBB03 /* Info.plist */,
			);
			path = gitin3dTests;
			sourceTree = "<group>";
		};
		559B89F425B3E11700ABBB03 /* gitin3dUITests */ = {
			isa = PBXGroup;
			children = (
				559B89F525B3E11700ABBB03 /* gitin3dUITests.swift */,
				559B89F725B3E11700ABBB03 /* Info.plist */,
			);
			path = gitin3dUITests;
			sourceTree = "<group>";
		};
		559B8A0B25B3E11700ABBB03 /* Models */ = {
			isa = PBXGroup;
			children = (
				559B8A0625B3E11700ABBB03 /* Commit.swift */,
				559B8A0C25B3E11700ABBB03 /* CommitCalculator.swift */,
				559B8A1125B3E11700ABBB03 /* DataManager.swift */,
				559B8A1625B3E11700ABBB03 /* Project.swift */,
				559B8A1B25B3E11700ABBB03 /* Tag.swift */,
			);
			path = Models;
			sourceTree = "<group>";
		};
		559B8A2025B3E11700ABBB03 /* Controllers */ = {
			isa = PBXGroup;
			children = (
				559B8A3325B3E11700ABBB03 /* ARUtils */,
				559B8A2125B3E11700ABBB03 /* ARViewController.swift */,
				559B8A2925B3E11700ABBB03 /* CommitsViewController.swift */,
				559B8A2E25B3E11700ABBB03 /* ProjectsViewControllers.swift */,
			);
			path = Controllers;
			sourceTree = "<group>";
		};
		559B8A3325B3E11700ABBB03 /* ARUtils */ = {
			isa = PBXGroup;
			children = (
				559B8A3425B3E11700ABBB03 /* ARFunctions.swift */,
			);
			path = ARUtils;
			sourceTree = "<group>";
		};
		559B8A3C25B3E12500ABBB03 /* Views */ = {
			isa = PBXGroup;
			children = (
				559B8A3D25B3E12900ABBB03 /* Base.Iproj */,
			);
			path = Views;
			sourceTree = "<group>";
		};
		559B8A3D25B3E12900ABBB03 /* Base.Iproj */ = {
			isa = PBXGroup;
			children = (
				559B8A3E25B3E13800ABBB03 /* Main.storyboard */,
			);
			path = Base.Iproj;
			sourceTree = "<group>";
		};
/* End PBXGroup section */

/* Begin PBXNativeTarget section */
		559B89CF25B3E11700ABBB03 /* gitin3d */ = {
			isa = PBXNativeTarget;
			buildConfigurationList = 559B89FA25B3E11700ABBB03 /* Build configuration list for PBXNativeTarget "gitin3d" */;
			buildPhases = (
				559B89CC25B3E11700ABBB03 /* Sources */,
				559B89CD25B3E11700ABBB03 /* Frameworks */,
				559B89CE25B3E11700ABBB03 /* Resources */,
			);
			buildRules = (
			);
			dependencies = (
			);
			name = gitin3d;
			productName = gitin3d;
			productReference = 559B89D025B3E11700ABBB03 /* gitin3d.app */;
			productType = "com.apple.product-type.application";
		};
		559B89E525B3E11700ABBB03 /* gitin3dTests */ = {
			isa = PBXNativeTarget;
			buildConfigurationList = 559B89FD25B3E11700ABBB03 /* Build configuration list for PBXNativeTarget "gitin3dTests" */;
			buildPhases = (
				559B89E225B3E11700ABBB03 /* Sources */,
				559B89E325B3E11700ABBB03 /* Frameworks */,
				559B89E425B3E11700ABBB03 /* Resources */,
			);
			buildRules = (
			);
			dependencies = (
				559B89E825B3E11700ABBB03 /* PBXTargetDependency */,
			);
			name = gitin3dTests;
			productName = gitin3dTests;
			productReference = 559B89E625B3E11700ABBB03 /* gitin3dTests.xctest */;
			productType = "com.apple.product-type.bundle.unit-test";
		};
		559B89F025B3E11700ABBB03 /* gitin3dUITests */ = {
			isa = PBXNativeTarget;
			buildConfigurationList = 559B8A0025B3E11700ABBB03 /* Build configuration list for PBXNativeTarget "gitin3dUITests" */;
			buildPhases = (
				559B89ED25B3E11700ABBB03 /* Sources */,
				559B89EE25B3E11700ABBB03 /* Frameworks */,
				559B89EF25B3E11700ABBB03 /* Resources */,
			);
			buildRules = (
			);
			dependencies = (
				559B89F325B3E11700ABBB03 /* PBXTargetDependency */,
			);
			name = gitin3dUITests;
			productName = gitin3dUITests;
			productReference = 559B89F125B3E11700ABBB03 /* gitin3dUITests.xctest */;
			productType = "com.apple.product-type.bundle.ui-testing";
		};
/* End PBXNativeTarget section */

/* Begin PBXProject section */
		559B89C825B3E11700ABBB03 /* Project object */ = {
			isa = PBXProject;
			attributes = {
				LastSwiftUpdateCheck = 1230;
				LastUpgradeCheck = 1230;
				TargetAttributes = {
					559B89CF25B3E11700ABBB03 = {
						CreatedOnToolsVersion = 12.3;
					};
					559B89E525B3E11700ABBB03 = {
						CreatedOnToolsVersion = 12.3;
						TestTargetID = 559B89CF25B3E11700ABBB03;
					};
					559B89F025B3E11700ABBB03 = {
						CreatedOnToolsVersion = 12.3;
						TestTargetID = 559B89CF25B3E11700ABBB03;
					};
				};
			};
			buildConfigurationList = 559B89CB25B3E11700ABBB03 /* Build configuration list for PBXProject "gitin3d" */;
			compatibilityVersion = "Xcode 9.3";
			developmentRegion = en;
			hasScannedForEncodings = 0;
			knownRegions = (
				en,
				Base,
			);
			mainGroup = 559B89C725B3E11700ABBB03;
			productRefGroup = 559B89D125B3E11700ABBB03 /* Products */;
			projectDirPath = "";
			projectRoot = "";
			targets = (
				559B89CF25B3E11700ABBB03 /* gitin3d */,
				559B89E525B3E11700ABBB03 /* gitin3dTests */,
				559B89F025B3E11700ABBB03 /* gitin3dUITests */,
			);
		};
/* End PBXProject section */

/* Begin PBXResourcesBuildPhase section */
		559B89CE25B3E11700ABBB03 /* Resources */ = {
			isa = PBXResourcesBuildPhase;
			buildActionMask = 2147483647;
			files = (
				559B89E025B3E11700ABBB03 /* LaunchScreen.storyboard in Resources */,
				559B89DD25B3E11700ABBB03 /* Assets.xcassets in Resources */,
				559B89DB25B3E11700ABBB03 /* Main.storyboard in Resources */,
				559B8A3F25B3E13800ABBB03 /* Main.storyboard in Resources */,
			);
			runOnlyForDeploymentPostprocessing = 0;
		};
		559B89E425B3E11700ABBB03 /* Resources */ = {
			isa = PBXResourcesBuildPhase;
			buildActionMask = 2147483647;
			files = (
			);
			runOnlyForDeploymentPostprocessing = 0;
		};
		559B89EF25B3E11700ABBB03 /* Resources */ = {
			isa = PBXResourcesBuildPhase;
			buildActionMask = 2147483647;
			files = (
			);
			runOnlyForDeploymentPostprocessing = 0;
		};
/* End PBXResourcesBuildPhase section */

/* Begin PBXSourcesBuildPhase section */
		559B89CC25B3E11700ABBB03 /* Sources */ = {
			isa = PBXSourcesBuildPhase;
			buildActionMask = 2147483647;
			files = (
				559B8A1C25B3E11700ABBB03 /* Tag.swift in Sources */,
				559B8A2A25B3E11700ABBB03 /* CommitsViewController.swift in Sources */,
				559B8A0725B3E11700ABBB03 /* Commit.swift in Sources */,
				559B8A1225B3E11700ABBB03 /* DataManager.swift in Sources */,
				559B8A3525B3E11700ABBB03 /* ARFunctions.swift in Sources */,
				559B8A2F25B3E11700ABBB03 /* ProjectsViewControllers.swift in Sources */,
				559B8A2225B3E11700ABBB03 /* ARViewController.swift in Sources */,
				559B8A0D25B3E11700ABBB03 /* CommitCalculator.swift in Sources */,
				559B89D825B3E11700ABBB03 /* ViewController.swift in Sources */,
				559B89D425B3E11700ABBB03 /* AppDelegate.swift in Sources */,
				559B8A1725B3E11700ABBB03 /* Project.swift in Sources */,
				559B89D625B3E11700ABBB03 /* SceneDelegate.swift in Sources */,
			);
			runOnlyForDeploymentPostprocessing = 0;
		};
		559B89E225B3E11700ABBB03 /* Sources */ = {
			isa = PBXSourcesBuildPhase;
			buildActionMask = 2147483647;
			files = (
				559B89EB25B3E11700ABBB03 /* gitin3dTests.swift in Sources */,
			);
			runOnlyForDeploymentPostprocessing = 0;
		};
		559B89ED25B3E11700ABBB03 /* Sources */ = {
			isa = PBXSourcesBuildPhase;
			buildActionMask = 2147483647;
			files = (
				559B89F625B3E11700ABBB03 /* gitin3dUITests.swift in Sources */,
			);
			runOnlyForDeploymentPostprocessing = 0;
		};
/* End PBXSourcesBuildPhase section */

/* Begin PBXTargetDependency section */
		559B89E825B3E11700ABBB03 /* PBXTargetDependency */ = {
			isa = PBXTargetDependency;
			target = 559B89CF25B3E11700ABBB03 /* gitin3d */;
			targetProxy = 559B89E725B3E11700ABBB03 /* PBXContainerItemProxy */;
		};
		559B89F325B3E11700ABBB03 /* PBXTargetDependency */ = {
			isa = PBXTargetDependency;
			target = 559B89CF25B3E11700ABBB03 /* gitin3d */;
			targetProxy = 559B89F225B3E11700ABBB03 /* PBXContainerItemProxy */;
		};
/* End PBXTargetDependency section */

/* Begin PBXVariantGroup section */
		559B89D925B3E11700ABBB03 /* Main.storyboard */ = {
			isa = PBXVariantGroup;
			children = (
				559B89DA25B3E11700ABBB03 /* Base */,
			);
			name = Main.storyboard;
			sourceTree = "<group>";
		};
		559B89DE25B3E11700ABBB03 /* LaunchScreen.storyboard */ = {
			isa = PBXVariantGroup;
			children = (
				559B89DF25B3E11700ABBB03 /* Base */,
			);
			name = LaunchScreen.storyboard;
			sourceTree = "<group>";
		};
/* End PBXVariantGroup section */

/* Begin XCBuildConfiguration section */
		559B89F825B3E11700ABBB03 /* Debug */ = {
			isa = XCBuildConfiguration;
			buildSettings = {
				ALWAYS_SEARCH_USER_PATHS = NO;
				CLANG_ANALYZER_NONNULL = YES;
				CLANG_ANALYZER_NUMBER_OBJECT_CONVERSION = YES_AGGRESSIVE;
				CLANG_CXX_LANGUAGE_STANDARD = "gnu++14";
				CLANG_CXX_LIBRARY = "libc++";
				CLANG_ENABLE_MODULES = YES;
				CLANG_ENABLE_OBJC_ARC = YES;
				CLANG_ENABLE_OBJC_WEAK = YES;
				CLANG_WARN_BLOCK_CAPTURE_AUTORELEASING = YES;
				CLANG_WARN_BOOL_CONVERSION = YES;
				CLANG_WARN_COMMA = YES;
				CLANG_WARN_CONSTANT_CONVERSION = YES;
				CLANG_WARN_DEPRECATED_OBJC_IMPLEMENTATIONS = YES;
				CLANG_WARN_DIRECT_OBJC_ISA_USAGE = YES_ERROR;
				CLANG_WARN_DOCUMENTATION_COMMENTS = YES;
				CLANG_WARN_EMPTY_BODY = YES;
				CLANG_WARN_ENUM_CONVERSION = YES;
				CLANG_WARN_INFINITE_RECURSION = YES;
				CLANG_WARN_INT_CONVERSION = YES;
				CLANG_WARN_NON_LITERAL_NULL_CONVERSION = YES;
				CLANG_WARN_OBJC_IMPLICIT_RETAIN_SELF = YES;
				CLANG_WARN_OBJC_LITERAL_CONVERSION = YES;
				CLANG_WARN_OBJC_ROOT_CLASS = YES_ERROR;
				CLANG_WARN_QUOTED_INCLUDE_IN_FRAMEWORK_HEADER = YES;
				CLANG_WARN_RANGE_LOOP_ANALYSIS = YES;
				CLANG_WARN_STRICT_PROTOTYPES = YES;
				CLANG_WARN_SUSPICIOUS_MOVE = YES;
				CLANG_WARN_UNGUARDED_AVAILABILITY = YES_AGGRESSIVE;
				CLANG_WARN_UNREACHABLE_CODE = YES;
				CLANG_WARN__DUPLICATE_METHOD_MATCH = YES;
				COPY_PHASE_STRIP = NO;
				DEBUG_INFORMATION_FORMAT = dwarf;
				ENABLE_STRICT_OBJC_MSGSEND = YES;
				ENABLE_TESTABILITY = YES;
				GCC_C_LANGUAGE_STANDARD = gnu11;
				GCC_DYNAMIC_NO_PIC = NO;
				GCC_NO_COMMON_BLOCKS = YES;
				GCC_OPTIMIZATION_LEVEL = 0;
				GCC_PREPROCESSOR_DEFINITIONS = (
					"DEBUG=1",
					"$(inherited)",
				);
				GCC_WARN_64_TO_32_BIT_CONVERSION = YES;
				GCC_WARN_ABOUT_RETURN_TYPE = YES_ERROR;
				GCC_WARN_UNDECLARED_SELECTOR = YES;
				GCC_WARN_UNINITIALIZED_AUTOS = YES_AGGRESSIVE;
				GCC_WARN_UNUSED_FUNCTION = YES;
				GCC_WARN_UNUSED_VARIABLE = YES;
				IPHONEOS_DEPLOYMENT_TARGET = 14.3;
				MTL_ENABLE_DEBUG_INFO = INCLUDE_SOURCE;
				MTL_FAST_MATH = YES;
				ONLY_ACTIVE_ARCH = YES;
				SDKROOT = iphoneos;
				SWIFT_ACTIVE_COMPILATION_CONDITIONS = DEBUG;
				SWIFT_OPTIMIZATION_LEVEL = "-Onone";
			};
			name = Debug;
		};
		559B89F925B3E11700ABBB03 /* Release */ = {
			isa = XCBuildConfiguration;
			buildSettings = {
				ALWAYS_SEARCH_USER_PATHS = NO;
				CLANG_ANALYZER_NONNULL = YES;
				CLANG_ANALYZER_NUMBER_OBJECT_CONVERSION = YES_AGGRESSIVE;
				CLANG_CXX_LANGUAGE_STANDARD = "gnu++14";
				CLANG_CXX_LIBRARY = "libc++";
				CLANG_ENABLE_MODULES = YES;
				CLANG_ENABLE_OBJC_ARC = YES;
				CLANG_ENABLE_OBJC_WEAK = YES;
				CLANG_WARN_BLOCK_CAPTURE_AUTORELEASING = YES;
				CLANG_WARN_BOOL_CONVERSION = YES;
				CLANG_WARN_COMMA = YES;
				CLANG_WARN_CONSTANT_CONVERSION = YES;
				CLANG_WARN_DEPRECATED_OBJC_IMPLEMENTATIONS = YES;
				CLANG_WARN_DIRECT_OBJC_ISA_USAGE = YES_ERROR;
				CLANG_WARN_DOCUMENTATION_COMMENTS = YES;
				CLANG_WARN_EMPTY_BODY = YES;
				CLANG_WARN_ENUM_CONVERSION = YES;
				CLANG_WARN_INFINITE_RECURSION = YES;
				CLANG_WARN_INT_CONVERSION = YES;
				CLANG_WARN_NON_LITERAL_NULL_CONVERSION = YES;
				CLANG_WARN_OBJC_IMPLICIT_RETAIN_SELF = YES;
				CLANG_WARN_OBJC_LITERAL_CONVERSION = YES;
				CLANG_WARN_OBJC_ROOT_CLASS = YES_ERROR;
				CLANG_WARN_QUOTED_INCLUDE_IN_FRAMEWORK_HEADER = YES;
				CLANG_WARN_RANGE_LOOP_ANALYSIS = YES;
				CLANG_WARN_STRICT_PROTOTYPES = YES;
				CLANG_WARN_SUSPICIOUS_MOVE = YES;
				CLANG_WARN_UNGUARDED_AVAILABILITY = YES_AGGRESSIVE;
				CLANG_WARN_UNREACHABLE_CODE = YES;
				CLANG_WARN__DUPLICATE_METHOD_MATCH = YES;
				COPY_PHASE_STRIP = NO;
				DEBUG_INFORMATION_FORMAT = "dwarf-with-dsym";
				ENABLE_NS_ASSERTIONS = NO;
				ENABLE_STRICT_OBJC_MSGSEND = YES;
				GCC_C_LANGUAGE_STANDARD = gnu11;
				GCC_NO_COMMON_BLOCKS = YES;
				GCC_WARN_64_TO_32_BIT_CONVERSION = YES;
				GCC_WARN_ABOUT_RETURN_TYPE = YES_ERROR;
				GCC_WARN_UNDECLARED_SELECTOR = YES;
				GCC_WARN_UNINITIALIZED_AUTOS = YES_AGGRESSIVE;
				GCC_WARN_UNUSED_FUNCTION = YES;
				GCC_WARN_UNUSED_VARIABLE = YES;
				IPHONEOS_DEPLOYMENT_TARGET = 14.3;
				MTL_ENABLE_DEBUG_INFO = NO;
				MTL_FAST_MATH = YES;
				SDKROOT = iphoneos;
				SWIFT_COMPILATION_MODE = wholemodule;
				SWIFT_OPTIMIZATION_LEVEL = "-O";
				VALIDATE_PRODUCT = YES;
			};
			name = Release;
		};
		559B89FB25B3E11700ABBB03 /* Debug */ = {
			isa = XCBuildConfiguration;
			buildSettings = {
				ASSETCATALOG_COMPILER_APPICON_NAME = AppIcon;
				ASSETCATALOG_COMPILER_GLOBAL_ACCENT_COLOR_NAME = AccentColor;
				CODE_SIGN_STYLE = Automatic;
				INFOPLIST_FILE = gitin3d/Info.plist;
				LD_RUNPATH_SEARCH_PATHS = (
					"$(inherited)",
					"@executable_path/Frameworks",
				);
				PRODUCT_BUNDLE_IDENTIFIER = htn2020.gitin3d;
				PRODUCT_NAME = "$(TARGET_NAME)";
				SWIFT_VERSION = 5.0;
				TARGETED_DEVICE_FAMILY = "1,2";
			};
			name = Debug;
		};
		559B89FC25B3E11700ABBB03 /* Release */ = {
			isa = XCBuildConfiguration;
			buildSettings = {
				ASSETCATALOG_COMPILER_APPICON_NAME = AppIcon;
				ASSETCATALOG_COMPILER_GLOBAL_ACCENT_COLOR_NAME = AccentColor;
				CODE_SIGN_STYLE = Automatic;
				INFOPLIST_FILE = gitin3d/Info.plist;
				LD_RUNPATH_SEARCH_PATHS = (
					"$(inherited)",
					"@executable_path/Frameworks",
				);
				PRODUCT_BUNDLE_IDENTIFIER = htn2020.gitin3d;
				PRODUCT_NAME = "$(TARGET_NAME)";
				SWIFT_VERSION = 5.0;
				TARGETED_DEVICE_FAMILY = "1,2";
			};
			name = Release;
		};
		559B89FE25B3E11700ABBB03 /* Debug */ = {
			isa = XCBuildConfiguration;
			buildSettings = {
				ALWAYS_EMBED_SWIFT_STANDARD_LIBRARIES = YES;
				BUNDLE_LOADER = "$(TEST_HOST)";
				CODE_SIGN_STYLE = Automatic;
				INFOPLIST_FILE = gitin3dTests/Info.plist;
				IPHONEOS_DEPLOYMENT_TARGET = 14.3;
				LD_RUNPATH_SEARCH_PATHS = (
					"$(inherited)",
					"@executable_path/Frameworks",
					"@loader_path/Frameworks",
				);
				PRODUCT_BUNDLE_IDENTIFIER = htn2020.gitin3dTests;
				PRODUCT_NAME = "$(TARGET_NAME)";
				SWIFT_VERSION = 5.0;
				TARGETED_DEVICE_FAMILY = "1,2";
				TEST_HOST = "$(BUILT_PRODUCTS_DIR)/gitin3d.app/gitin3d";
			};
			name = Debug;
		};
		559B89FF25B3E11700ABBB03 /* Release */ = {
			isa = XCBuildConfiguration;
			buildSettings = {
				ALWAYS_EMBED_SWIFT_STANDARD_LIBRARIES = YES;
				BUNDLE_LOADER = "$(TEST_HOST)";
				CODE_SIGN_STYLE = Automatic;
				INFOPLIST_FILE = gitin3dTests/Info.plist;
				IPHONEOS_DEPLOYMENT_TARGET = 14.3;
				LD_RUNPATH_SEARCH_PATHS = (
					"$(inherited)",
					"@executable_path/Frameworks",
					"@loader_path/Frameworks",
				);
				PRODUCT_BUNDLE_IDENTIFIER = htn2020.gitin3dTests;
				PRODUCT_NAME = "$(TARGET_NAME)";
				SWIFT_VERSION = 5.0;
				TARGETED_DEVICE_FAMILY = "1,2";
				TEST_HOST = "$(BUILT_PRODUCTS_DIR)/gitin3d.app/gitin3d";
			};
			name = Release;
		};
		559B8A0125B3E11700ABBB03 /* Debug */ = {
			isa = XCBuildConfiguration;
			buildSettings = {
				ALWAYS_EMBED_SWIFT_STANDARD_LIBRARIES = YES;
				CODE_SIGN_STYLE = Automatic;
				INFOPLIST_FILE = gitin3dUITests/Info.plist;
				LD_RUNPATH_SEARCH_PATHS = (
					"$(inherited)",
					"@executable_path/Frameworks",
					"@loader_path/Frameworks",
				);
				PRODUCT_BUNDLE_IDENTIFIER = htn2020.gitin3dUITests;
				PRODUCT_NAME = "$(TARGET_NAME)";
				SWIFT_VERSION = 5.0;
				TARGETED_DEVICE_FAMILY = "1,2";
				TEST_TARGET_NAME = gitin3d;
			};
			name = Debug;
		};
		559B8A0225B3E11700ABBB03 /* Release */ = {
			isa = XCBuildConfiguration;
			buildSettings = {
				ALWAYS_EMBED_SWIFT_STANDARD_LIBRARIES = YES;
				CODE_SIGN_STYLE = Automatic;
				INFOPLIST_FILE = gitin3dUITests/Info.plist;
				LD_RUNPATH_SEARCH_PATHS = (
					"$(inherited)",
					"@executable_path/Frameworks",
					"@loader_path/Frameworks",
				);
				PRODUCT_BUNDLE_IDENTIFIER = htn2020.gitin3dUITests;
				PRODUCT_NAME = "$(TARGET_NAME)";
				SWIFT_VERSION = 5.0;
				TARGETED_DEVICE_FAMILY = "1,2";
				TEST_TARGET_NAME = gitin3d;
			};
			name = Release;
		};
/* End XCBuildConfiguration section */

/* Begin XCConfigurationList section */
		559B89CB25B3E11700ABBB03 /* Build configuration list for PBXProject "gitin3d" */ = {
			isa = XCConfigurationList;
			buildConfigurations = (
				559B89F825B3E11700ABBB03 /* Debug */,
				559B89F925B3E11700ABBB03 /* Release */,
			);
			defaultConfigurationIsVisible = 0;
			defaultConfigurationName = Release;
		};
		559B89FA25B3E11700ABBB03 /* Build configuration list for PBXNativeTarget "gitin3d" */ = {
			isa = XCConfigurationList;
			buildConfigurations = (
				559B89FB25B3E11700ABBB03 /* Debug */,
				559B89FC25B3E11700ABBB03 /* Release */,
			);
			defaultConfigurationIsVisible = 0;
			defaultConfigurationName = Release;
		};
		559B89FD25B3E11700ABBB03 /* Build configuration list for PBXNativeTarget "gitin3dTests" */ = {
			isa = XCConfigurationList;
			buildConfigurations = (
				559B89FE25B3E11700ABBB03 /* Debug */,
				559B89FF25B3E11700ABBB03 /* Release */,
			);
			defaultConfigurationIsVisible = 0;
			defaultConfigurationName = Release;
		};
		559B8A0025B3E11700ABBB03 /* Build configuration list for PBXNativeTarget "gitin3dUITests" */ = {
			isa = XCConfigurationList;
			buildConfigurations = (
				559B8A0125B3E11700ABBB03 /* Debug */,
				559B8A0225B3E11700ABBB03 /* Release */,
			);
			defaultConfigurationIsVisible = 0;
			defaultConfigurationName = Release;
		};
/* End XCConfigurationList section */
	};
	rootObject = 559B89C825B3E11700ABBB03 /* Project object */;
}
